[metadata]
lock_version = 3
declaration_hash_version = 1
declaration_hash = "sha256:33e2a34c4a229b8030bad201302bef28d6dd96dcdec6507affa1663690bdc59f"
generated_by = "ocx 0.5.0"
generated_at = "2026-08-01T08:35:22Z"

[[tool]]
name = "cli"
group = "default"
repository = "ocx.sh/ocx/cli"

[tool.platforms]
"darwin/amd64" = "sha256:23c7027fbd09709647bb6691fcd82a5b4cad57ad9c1b5bdcc97d79ab3163ebaf"
"darwin/arm64" = "sha256:9f8595fe452ad412c9b414805725ae540fc1074c9409061bb5d63660f8f3d3dd"
"linux/amd64" = "sha256:016cb5f5d8a47037efc70b2e9df18e62e2afd7f7cb0773e77f929ff26bdf10cb"
"linux/arm64" = "sha256:4b9a2a9a0c9e035a5157a20a7762829c415f6397530032f416f26a0bb99cc123"
"windows/amd64" = "sha256:6361719ba1116f09a8b0f84c385e981009dc7c80bddf30a4390eafbc48c0a4b0"
"windows/arm64" = "sha256:db8450b778cc13516546d064cd708680ae2b98262c482a4091a7332c3d70bc4a"

[[tool]]
name = "mirror"
group = "default"
repository = "ocx.sh/ocx/mirror"

[tool.platforms]
"darwin/amd64" = "sha256:ba6138bab428052fcf6db82d387c6d4720fb9b33d7a28ba1b32ea7d290afc4e5"
"darwin/arm64" = "sha256:bcc479bf9239c60a08517cb1f01db5d142fa4e092b6a140a5e40cb669c0c93a0"
"linux/amd64" = "sha256:664bb58d35ec3735a633ae3169e072ece8a585943006736277085b24934c765d"
"linux/arm64" = "sha256:12b5429ca012870bd19bda5f0edfceffbd409d1d622a2608e1df1953e38a0a32"
"windows/amd64" = "sha256:cd3dfa49f2deb2878633648163dcd92ae5826f1d71fe27b8677cda7aad6a34b9"
"windows/arm64" = "sha256:e38783f99f0bb9530414adc84a00e9d48f2176c86c04369a0b108e2dd71ae897"

[[tool]]
name = "uv"
group = "default"
repository = "ocx.sh/uv"

[tool.platforms]
"darwin/amd64" = "sha256:6597af2da85f927708f9a205bed96b21798fe7bfdc53cb18964714be9c819367"
"darwin/arm64" = "sha256:a7c4aa5a2c4483cbc46064fe248c297c1b1049dff6fe809632e40139c340c69d"
"linux/amd64" = "sha256:f41c91d5214b5880baedf2c5fe9cf89ada0b6b96b2a8945a9954d88edf8526a8"
"linux/arm64" = "sha256:7fbe9108fb899cd6f74372a0b434b5e67d7c2e326857b1a56e628decb411ea24"
"windows/amd64" = "sha256:e072894fa46565594b9ac69f68b5bdf341b58f0637744508e6a93d9065f22682"
"windows/arm64" = "sha256:e7a2e7d1e633e85295136eeb8d8f31a82712b455dcf871f3a9cc7526e845cf1d"
