[metadata]
lock_version = 2
declaration_hash_version = 1
declaration_hash = "sha256:9e7c07c1e028c96f27091676254c20fe1d5281385d98ad3c87f06c5ca4aa7061"
generated_by = "ocx 0.4.3"
generated_at = "2026-07-29T00:45:02Z"

[[tool]]
name = "cli"
group = "default"
repository = "dev.ocx.sh/ocx/cli"

[tool.platforms]
"darwin/amd64" = "sha256:ebf56635b1ac4e484d3da88fffb43fca9ffbdcbdaa9643d95897b1f27b44e098"
"darwin/arm64" = "sha256:44996a5ee27d7df1027750e8372123e833924b971a83611ffa8a30af9f4b5e2e"
"linux/amd64" = "sha256:60c9c656ef15df4ceb389e222d5ba827324d1acf76cd61058ba6506e771f1eba"
"linux/arm64" = "sha256:73ec55bc6e2037fb60fb14b85ce240497a2a9f1104db19c90da5fc29d555a240"
"windows/amd64" = "sha256:0052515b561bcea3f46b6b5de89a1b2b35c6785fe868acb78541dfdc7cfe97ee"
"windows/arm64" = "sha256:d165d29bc6224412cb25e5a7882c6a2d52383034d0957a877e5f273497d5fd60"

[[tool]]
name = "mirror"
group = "default"
repository = "dev.ocx.sh/ocx/mirror"

[tool.platforms]
"darwin/amd64" = "sha256:cc411f834acebe4e007a7936f63c79b982079d1fba70b52e7161b248d2e4ef52"
"darwin/arm64" = "sha256:3506a4b1cfc63e5b9b0a042f555e2fcc4e4ab46f6004794b909e8cb718b00502"
"linux/amd64" = "sha256:00ae6b9f9b9fa3300518c1a59ef289457bd82eb540ad8618dd490fef3aec52c1"
"linux/arm64" = "sha256:1c46c535893b7336b40c3a40d9cc674fcacfea1f9a718d1aa280f1c84190fba1"
"windows/amd64" = "sha256:f489099488aeb0bb39501e980323b9d1fb440d84c4b0c07c6edc64b3b0a888bb"
"windows/arm64" = "sha256:e838cdfba297b8c9701d4947a72b56fe6469721e463ad18852fe3a2191f770ee"

[[tool]]
name = "uv"
group = "default"
repository = "ocx.sh/uv"

[tool.platforms]
"darwin/amd64" = "sha256:6597af2da85f927708f9a205bed96b21798fe7bfdc53cb18964714be9c819367"
"darwin/arm64" = "sha256:a7c4aa5a2c4483cbc46064fe248c297c1b1049dff6fe809632e40139c340c69d"
"linux/amd64" = "sha256:f41c91d5214b5880baedf2c5fe9cf89ada0b6b96b2a8945a9954d88edf8526a8"
"linux/arm64" = "sha256:7fbe9108fb899cd6f74372a0b434b5e67d7c2e326857b1a56e628decb411ea24"
"windows/amd64" = "sha256:e072894fa46565594b9ac69f68b5bdf341b58f0637744508e6a93d9065f22682"
"windows/arm64" = "sha256:e7a2e7d1e633e85295136eeb8d8f31a82712b455dcf871f3a9cc7526e845cf1d"
